
Microsoft Visual Studio Solution File, Format Version 12.00
# Visual Studio Version 16
VisualStudioVersion = 16.0.31019.35
MinimumVisualStudioVersion = 10.0.40219.1
Project("{FAE04EC0-301F-11D3-BF4B-00C04F79EFBC}") = "InterfaceAndAbstractDemo", "InterfaceAndAbstractDemo.csproj", "{C1230E95-E8CF-43C8-8DAC-1B435CEEEC9A}"
EndProject
Global
	GlobalSection(SolutionConfigurationPlatforms) = preSolution
		Debug|Any CPU = Debug|Any CPU
		Release|Any CPU = Release|Any CPU
	EndGlobalSection
	GlobalSection(ProjectConfigurationPlatforms) = postSolution
		{C1230E95-E8CF-43C8-8DAC-1B435CEEEC9A}.Debug|Any CPU.ActiveCfg = Debug|Any CPU
		{C1230E95-E8CF-43C8-8DAC-1B435CEEEC9A}.Debug|Any CPU.Build.0 = Debug|Any CPU
		{C1230E95-E8CF-43C8-8DAC-1B435CEEEC9A}.Release|Any CPU.ActiveCfg = Release|Any CPU
		{C1230E95-E8CF-43C8-8DAC-1B435CEEEC9A}.Release|Any CPU.Build.0 = Release|Any CPU
	EndGlobalSection
	GlobalSection(SolutionProperties) = preSolution
		HideSolutionNode = FALSE
	EndGlobalSection
	GlobalSection(ExtensibilityGlobals) = postSolution
		SolutionGuid = {061D27BA-3B1E-46E6-9F99-1BDB7F8D8992}
	EndGlobalSection
EndGlobal
